
Microsoft Visual Studio Solution File, Format Version 12.00
# Visual Studio Version 16
VisualStudioVersion = 16.0.30907.101
MinimumVisualStudioVersion = 10.0.40219.1
Project("{FAE04EC0-301F-11D3-BF4B-00C04F79EFBC}") = "CSharpÖvningssamling3InkapslingArvOchPolymorfism", "CSharpÖvningssamling3InkapslingArvOchPolymorfism\CSharpÖvningssamling3InkapslingArvOchPolymorfism.csproj", "{EAF33965-3817-42E5-BDAD-95F5FEF037C2}"
EndProject
Global
	GlobalSection(SolutionConfigurationPlatforms) = preSolution
		Debug|Any CPU = Debug|Any CPU
		Release|Any CPU = Release|Any CPU
	EndGlobalSection
	GlobalSection(ProjectConfigurationPlatforms) = postSolution
		{EAF33965-3817-42E5-BDAD-95F5FEF037C2}.Debug|Any CPU.ActiveCfg = Debug|Any CPU
		{EAF33965-3817-42E5-BDAD-95F5FEF037C2}.Debug|Any CPU.Build.0 = Debug|Any CPU
		{EAF33965-3817-42E5-BDAD-95F5FEF037C2}.Release|Any CPU.ActiveCfg = Release|Any CPU
		{EAF33965-3817-42E5-BDAD-95F5FEF037C2}.Release|Any CPU.Build.0 = Release|Any CPU
	EndGlobalSection
	GlobalSection(SolutionProperties) = preSolution
		HideSolutionNode = FALSE
	EndGlobalSection
	GlobalSection(ExtensibilityGlobals) = postSolution
		SolutionGuid = {C0685641-C562-405F-8783-9BFEFE9D0AE9}
	EndGlobalSection
EndGlobal
